
Microsoft Visual Studio Solution File, Format Version 12.00
Project("{2150E333-8FDC-42A3-9474-1A3956D46DE8}") = "Core", "Core", "{2CF1ABC0-3B19-4690-9D08-972D907FD214}"
EndProject
Project("{2150E333-8FDC-42A3-9474-1A3956D46DE8}") = "SplitDivider", "SplitDivider", "{CAEB8003-ED30-4F13-832E-EA55390C32C5}"
EndProject
Project("{2150E333-8FDC-42A3-9474-1A3956D46DE8}") = "Services", "Services", "{55398F4F-0603-458C-AC51-D315AD48160E}"
EndProject
Project("{2150E333-8FDC-42A3-9474-1A3956D46DE8}") = "Shared", "Shared", "{93B9A36C-4CF5-4151-A8C5-31D6D076E6FB}"
EndProject
Project("{FAE04EC0-301F-11D3-BF4B-00C04F79EFBC}") = "Shared.Values", "Shared.Values\Shared.Values.csproj", "{544A81EE-4C3E-4A9A-9122-6D3F06DBBC5A}"
EndProject
Project("{FAE04EC0-301F-11D3-BF4B-00C04F79EFBC}") = "SplitDivider.Domain", "SplitDivider.Domain\SplitDivider.Domain.csproj", "{EA4E2FF5-2726-4FCC-9836-B4AFE774BE66}"
EndProject
Project("{2150E333-8FDC-42A3-9474-1A3956D46DE8}") = "GeoService", "GeoService", "{902E58A0-53D6-4184-8084-451C366AE2D8}"
EndProject
Project("{FAE04EC0-301F-11D3-BF4B-00C04F79EFBC}") = "GeoService.Core", "GeoService.Core\GeoService.Core.csproj", "{4F197E89-B319-4DF3-B9E8-E4EDC06689DD}"
EndProject
Project("{FAE04EC0-301F-11D3-BF4B-00C04F79EFBC}") = "SplitDivider.Infrastructure", "SplitDivider.Infrastructure\SplitDivider.Infrastructure.csproj", "{C3CD728D-B9A1-4183-8173-B522B59740CE}"
EndProject
Project("{FAE04EC0-301F-11D3-BF4B-00C04F79EFBC}") = "SplitDivider.Application", "SplitDivider.Application\SplitDivider.Application.csproj", "{96FF6D61-CF33-4BEA-BBB0-33742FDBA7E2}"
EndProject
Project("{FAE04EC0-301F-11D3-BF4B-00C04F79EFBC}") = "Interactor.WebApp", "Core\Interactor.WebApp\Interactor.WebApp.csproj", "{61190B4F-D7EC-4004-9A3A-86FC6C067AB6}"
EndProject
Project("{FAE04EC0-301F-11D3-BF4B-00C04F79EFBC}") = "SplitDivider.WebApp", "SplitDivider.WebApp\SplitDivider.WebApp.csproj", "{39AFAE2A-1383-44BF-947E-DF7834F7C824}"
EndProject
Project("{FAE04EC0-301F-11D3-BF4B-00C04F79EFBC}") = "Interactor.Application", "Core\Interactor.Application\Interactor.Application.csproj", "{AC5A53CF-1DA1-4802-A728-808AB1D09547}"
EndProject
Project("{FAE04EC0-301F-11D3-BF4B-00C04F79EFBC}") = "Interactor.Domain", "Core\Interactor.Domain\Interactor.Domain.csproj", "{D582D5C7-057D-4570-BBC2-A09DF18011EC}"
EndProject
Project("{FAE04EC0-301F-11D3-BF4B-00C04F79EFBC}") = "Interactor.Infrastructure", "Core\Interactor.Infrastructure\Interactor.Infrastructure.csproj", "{57D899EA-AB85-4043-968E-2CCBAFC09183}"
EndProject
Global
	GlobalSection(SolutionConfigurationPlatforms) = preSolution
		Debug|Any CPU = Debug|Any CPU
		Release|Any CPU = Release|Any CPU
	EndGlobalSection
	GlobalSection(ProjectConfigurationPlatforms) = postSolution
		{544A81EE-4C3E-4A9A-9122-6D3F06DBBC5A}.Debug|Any CPU.ActiveCfg = Debug|Any CPU
		{544A81EE-4C3E-4A9A-9122-6D3F06DBBC5A}.Debug|Any CPU.Build.0 = Debug|Any CPU
		{544A81EE-4C3E-4A9A-9122-6D3F06DBBC5A}.Release|Any CPU.ActiveCfg = Release|Any CPU
		{544A81EE-4C3E-4A9A-9122-6D3F06DBBC5A}.Release|Any CPU.Build.0 = Release|Any CPU
		{EA4E2FF5-2726-4FCC-9836-B4AFE774BE66}.Debug|Any CPU.ActiveCfg = Debug|Any CPU
		{EA4E2FF5-2726-4FCC-9836-B4AFE774BE66}.Debug|Any CPU.Build.0 = Debug|Any CPU
		{EA4E2FF5-2726-4FCC-9836-B4AFE774BE66}.Release|Any CPU.ActiveCfg = Release|Any CPU
		{EA4E2FF5-2726-4FCC-9836-B4AFE774BE66}.Release|Any CPU.Build.0 = Release|Any CPU
		{4F197E89-B319-4DF3-B9E8-E4EDC06689DD}.Debug|Any CPU.ActiveCfg = Debug|Any CPU
		{4F197E89-B319-4DF3-B9E8-E4EDC06689DD}.Debug|Any CPU.Build.0 = Debug|Any CPU
		{4F197E89-B319-4DF3-B9E8-E4EDC06689DD}.Release|Any CPU.ActiveCfg = Release|Any CPU
		{4F197E89-B319-4DF3-B9E8-E4EDC06689DD}.Release|Any CPU.Build.0 = Release|Any CPU
		{C3CD728D-B9A1-4183-8173-B522B59740CE}.Debug|Any CPU.ActiveCfg = Debug|Any CPU
		{C3CD728D-B9A1-4183-8173-B522B59740CE}.Debug|Any CPU.Build.0 = Debug|Any CPU
		{C3CD728D-B9A1-4183-8173-B522B59740CE}.Release|Any CPU.ActiveCfg = Release|Any CPU
		{C3CD728D-B9A1-4183-8173-B522B59740CE}.Release|Any CPU.Build.0 = Release|Any CPU
		{96FF6D61-CF33-4BEA-BBB0-33742FDBA7E2}.Debug|Any CPU.ActiveCfg = Debug|Any CPU
		{96FF6D61-CF33-4BEA-BBB0-33742FDBA7E2}.Debug|Any CPU.Build.0 = Debug|Any CPU
		{96FF6D61-CF33-4BEA-BBB0-33742FDBA7E2}.Release|Any CPU.ActiveCfg = Release|Any CPU
		{96FF6D61-CF33-4BEA-BBB0-33742FDBA7E2}.Release|Any CPU.Build.0 = Release|Any CPU
		{61190B4F-D7EC-4004-9A3A-86FC6C067AB6}.Debug|Any CPU.ActiveCfg = Debug|Any CPU
		{61190B4F-D7EC-4004-9A3A-86FC6C067AB6}.Debug|Any CPU.Build.0 = Debug|Any CPU
		{61190B4F-D7EC-4004-9A3A-86FC6C067AB6}.Release|Any CPU.ActiveCfg = Release|Any CPU
		{61190B4F-D7EC-4004-9A3A-86FC6C067AB6}.Release|Any CPU.Build.0 = Release|Any CPU
		{39AFAE2A-1383-44BF-947E-DF7834F7C824}.Debug|Any CPU.ActiveCfg = Debug|Any CPU
		{39AFAE2A-1383-44BF-947E-DF7834F7C824}.Debug|Any CPU.Build.0 = Debug|Any CPU
		{39AFAE2A-1383-44BF-947E-DF7834F7C824}.Release|Any CPU.ActiveCfg = Release|Any CPU
		{39AFAE2A-1383-44BF-947E-DF7834F7C824}.Release|Any CPU.Build.0 = Release|Any CPU
		{AC5A53CF-1DA1-4802-A728-808AB1D09547}.Debug|Any CPU.ActiveCfg = Debug|Any CPU
		{AC5A53CF-1DA1-4802-A728-808AB1D09547}.Debug|Any CPU.Build.0 = Debug|Any CPU
		{AC5A53CF-1DA1-4802-A728-808AB1D09547}.Release|Any CPU.ActiveCfg = Release|Any CPU
		{AC5A53CF-1DA1-4802-A728-808AB1D09547}.Release|Any CPU.Build.0 = Release|Any CPU
		{D582D5C7-057D-4570-BBC2-A09DF18011EC}.Debug|Any CPU.ActiveCfg = Debug|Any CPU
		{D582D5C7-057D-4570-BBC2-A09DF18011EC}.Debug|Any CPU.Build.0 = Debug|Any CPU
		{D582D5C7-057D-4570-BBC2-A09DF18011EC}.Release|Any CPU.ActiveCfg = Release|Any CPU
		{D582D5C7-057D-4570-BBC2-A09DF18011EC}.Release|Any CPU.Build.0 = Release|Any CPU
		{57D899EA-AB85-4043-968E-2CCBAFC09183}.Debug|Any CPU.ActiveCfg = Debug|Any CPU
		{57D899EA-AB85-4043-968E-2CCBAFC09183}.Debug|Any CPU.Build.0 = Debug|Any CPU
		{57D899EA-AB85-4043-968E-2CCBAFC09183}.Release|Any CPU.ActiveCfg = Release|Any CPU
		{57D899EA-AB85-4043-968E-2CCBAFC09183}.Release|Any CPU.Build.0 = Release|Any CPU
	EndGlobalSection
	GlobalSection(NestedProjects) = preSolution
		{CAEB8003-ED30-4F13-832E-EA55390C32C5} = {55398F4F-0603-458C-AC51-D315AD48160E}
		{544A81EE-4C3E-4A9A-9122-6D3F06DBBC5A} = {93B9A36C-4CF5-4151-A8C5-31D6D076E6FB}
		{EA4E2FF5-2726-4FCC-9836-B4AFE774BE66} = {CAEB8003-ED30-4F13-832E-EA55390C32C5}
		{902E58A0-53D6-4184-8084-451C366AE2D8} = {55398F4F-0603-458C-AC51-D315AD48160E}
		{4F197E89-B319-4DF3-B9E8-E4EDC06689DD} = {902E58A0-53D6-4184-8084-451C366AE2D8}
		{C3CD728D-B9A1-4183-8173-B522B59740CE} = {CAEB8003-ED30-4F13-832E-EA55390C32C5}
		{96FF6D61-CF33-4BEA-BBB0-33742FDBA7E2} = {CAEB8003-ED30-4F13-832E-EA55390C32C5}
		{61190B4F-D7EC-4004-9A3A-86FC6C067AB6} = {2CF1ABC0-3B19-4690-9D08-972D907FD214}
		{39AFAE2A-1383-44BF-947E-DF7834F7C824} = {CAEB8003-ED30-4F13-832E-EA55390C32C5}
		{AC5A53CF-1DA1-4802-A728-808AB1D09547} = {2CF1ABC0-3B19-4690-9D08-972D907FD214}
		{D582D5C7-057D-4570-BBC2-A09DF18011EC} = {2CF1ABC0-3B19-4690-9D08-972D907FD214}
		{57D899EA-AB85-4043-968E-2CCBAFC09183} = {2CF1ABC0-3B19-4690-9D08-972D907FD214}
	EndGlobalSection
EndGlobal
